
Microsoft Visual Studio Solution File, Format Version 12.00
# Visual Studio Version 16
VisualStudioVersion = 16.0.31729.503
MinimumVisualStudioVersion = 10.0.40219.1
Project("{2150E333-8FDC-42A3-9474-1A3956D46DE8}") = "0 - Apresentação", "0 - Apresentação", "{7CBFF39D-BDB9-4CEC-8E1F-8DB9452DB9BA}"
EndProject
Project("{9A19103F-16F7-4668-BE54-9A1E7A4F7556}") = "AR.Apresentacao", "AR.Apresentacao\AR.Apresentacao.csproj", "{73729B2B-1D68-494A-B9E7-E4E2283A95AB}"
EndProject
Project("{2150E333-8FDC-42A3-9474-1A3956D46DE8}") = "1 - Domain", "1 - Domain", "{25DB0D48-CBC7-446E-A1C9-18EFD86CA089}"
EndProject
Project("{9A19103F-16F7-4668-BE54-9A1E7A4F7556}") = "AR.Domain", "AR.Domain\AR.Domain.csproj", "{B5CCE415-5AEC-41B9-9618-8FF1F1D26596}"
EndProject
Project("{2150E333-8FDC-42A3-9474-1A3956D46DE8}") = "2 - Data", "2 - Data", "{C04CA4A3-1689-4330-BF5B-DFA22149BCCA}"
EndProject
Project("{FAE04EC0-301F-11D3-BF4B-00C04F79EFBC}") = "AR.Data", "AR.Data\AR.Data.csproj", "{A2198952-62B9-414C-9106-43F05607DFA2}"
EndProject
Global
	GlobalSection(SolutionConfigurationPlatforms) = preSolution
		Debug|Any CPU = Debug|Any CPU
		Release|Any CPU = Release|Any CPU
	EndGlobalSection
	GlobalSection(ProjectConfigurationPlatforms) = postSolution
		{73729B2B-1D68-494A-B9E7-E4E2283A95AB}.Debug|Any CPU.ActiveCfg = Debug|Any CPU
		{73729B2B-1D68-494A-B9E7-E4E2283A95AB}.Debug|Any CPU.Build.0 = Debug|Any CPU
		{73729B2B-1D68-494A-B9E7-E4E2283A95AB}.Release|Any CPU.ActiveCfg = Release|Any CPU
		{73729B2B-1D68-494A-B9E7-E4E2283A95AB}.Release|Any CPU.Build.0 = Release|Any CPU
		{B5CCE415-5AEC-41B9-9618-8FF1F1D26596}.Debug|Any CPU.ActiveCfg = Debug|Any CPU
		{B5CCE415-5AEC-41B9-9618-8FF1F1D26596}.Debug|Any CPU.Build.0 = Debug|Any CPU
		{B5CCE415-5AEC-41B9-9618-8FF1F1D26596}.Release|Any CPU.ActiveCfg = Release|Any CPU
		{B5CCE415-5AEC-41B9-9618-8FF1F1D26596}.Release|Any CPU.Build.0 = Release|Any CPU
		{A2198952-62B9-414C-9106-43F05607DFA2}.Debug|Any CPU.ActiveCfg = Debug|Any CPU
		{A2198952-62B9-414C-9106-43F05607DFA2}.Debug|Any CPU.Build.0 = Debug|Any CPU
		{A2198952-62B9-414C-9106-43F05607DFA2}.Release|Any CPU.ActiveCfg = Release|Any CPU
		{A2198952-62B9-414C-9106-43F05607DFA2}.Release|Any CPU.Build.0 = Release|Any CPU
	EndGlobalSection
	GlobalSection(SolutionProperties) = preSolution
		HideSolutionNode = FALSE
	EndGlobalSection
	GlobalSection(NestedProjects) = preSolution
		{73729B2B-1D68-494A-B9E7-E4E2283A95AB} = {7CBFF39D-BDB9-4CEC-8E1F-8DB9452DB9BA}
		{B5CCE415-5AEC-41B9-9618-8FF1F1D26596} = {25DB0D48-CBC7-446E-A1C9-18EFD86CA089}
		{A2198952-62B9-414C-9106-43F05607DFA2} = {C04CA4A3-1689-4330-BF5B-DFA22149BCCA}
	EndGlobalSection
	GlobalSection(ExtensibilityGlobals) = postSolution
		SolutionGuid = {5B5FBEF3-E0E6-4E16-A13E-80A01B49A427}
	EndGlobalSection
EndGlobal
